
Microsoft Visual Studio Solution File, Format Version 12.00
# Visual Studio 15
VisualStudioVersion = 15.0.26730.3
MinimumVisualStudioVersion = 10.0.40219.1
Project("{FAE04EC0-301F-11D3-BF4B-00C04F79EFBC}") = "TeduShop.Web", "TeduShop.Web\TeduShop.Web.csproj", "{ED84B897-7615-4228-9274-13088EC828F0}"
EndProject
Project("{FAE04EC0-301F-11D3-BF4B-00C04F79EFBC}") = "TeduShop.Common", "TeduShop.Common\TeduShop.Common.csproj", "{A3F3B251-0738-4AAF-A571-8C67DB94B223}"
EndProject
Project("{FAE04EC0-301F-11D3-BF4B-00C04F79EFBC}") = "TeduShop.Model", "TeduShop.Model\TeduShop.Model.csproj", "{87DDDC6E-A1F9-49DE-A904-90B24FD2098F}"
EndProject
Project("{FAE04EC0-301F-11D3-BF4B-00C04F79EFBC}") = "TeduShop.Service", "TeduShop.Service\TeduShop.Service.csproj", "{F7E72E01-87D8-4064-8C0F-E64AB47A847E}"
EndProject
Project("{FAE04EC0-301F-11D3-BF4B-00C04F79EFBC}") = "TeduShop.UnitTest", "TeduShop.UnitTest\TeduShop.UnitTest.csproj", "{E41D0185-4610-4BCE-8ACE-DE86FED13CDA}"
EndProject
Project("{FAE04EC0-301F-11D3-BF4B-00C04F79EFBC}") = "TeduShop.Data", "TeduShop.Data\TeduShop.Data.csproj", "{5F9A6AB4-0E97-4975-977D-CB0C1F4474B9}"
EndProject
Global
	GlobalSection(SolutionConfigurationPlatforms) = preSolution
		Debug|Any CPU = Debug|Any CPU
		Release|Any CPU = Release|Any CPU
	EndGlobalSection
	GlobalSection(ProjectConfigurationPlatforms) = postSolution
		{ED84B897-7615-4228-9274-13088EC828F0}.Debug|Any CPU.ActiveCfg = Debug|Any CPU
		{ED84B897-7615-4228-9274-13088EC828F0}.Debug|Any CPU.Build.0 = Debug|Any CPU
		{ED84B897-7615-4228-9274-13088EC828F0}.Release|Any CPU.ActiveCfg = Release|Any CPU
		{ED84B897-7615-4228-9274-13088EC828F0}.Release|Any CPU.Build.0 = Release|Any CPU
		{A3F3B251-0738-4AAF-A571-8C67DB94B223}.Debug|Any CPU.ActiveCfg = Debug|Any CPU
		{A3F3B251-0738-4AAF-A571-8C67DB94B223}.Debug|Any CPU.Build.0 = Debug|Any CPU
		{A3F3B251-0738-4AAF-A571-8C67DB94B223}.Release|Any CPU.ActiveCfg = Release|Any CPU
		{A3F3B251-0738-4AAF-A571-8C67DB94B223}.Release|Any CPU.Build.0 = Release|Any CPU
		{87DDDC6E-A1F9-49DE-A904-90B24FD2098F}.Debug|Any CPU.ActiveCfg = Debug|Any CPU
		{87DDDC6E-A1F9-49DE-A904-90B24FD2098F}.Debug|Any CPU.Build.0 = Debug|Any CPU
		{87DDDC6E-A1F9-49DE-A904-90B24FD2098F}.Release|Any CPU.ActiveCfg = Release|Any CPU
		{87DDDC6E-A1F9-49DE-A904-90B24FD2098F}.Release|Any CPU.Build.0 = Release|Any CPU
		{F7E72E01-87D8-4064-8C0F-E64AB47A847E}.Debug|Any CPU.ActiveCfg = Debug|Any CPU
		{F7E72E01-87D8-4064-8C0F-E64AB47A847E}.Debug|Any CPU.Build.0 = Debug|Any CPU
		{F7E72E01-87D8-4064-8C0F-E64AB47A847E}.Release|Any CPU.ActiveCfg = Release|Any CPU
		{F7E72E01-87D8-4064-8C0F-E64AB47A847E}.Release|Any CPU.Build.0 = Release|Any CPU
		{E41D0185-4610-4BCE-8ACE-DE86FED13CDA}.Debug|Any CPU.ActiveCfg = Debug|Any CPU
		{E41D0185-4610-4BCE-8ACE-DE86FED13CDA}.Debug|Any CPU.Build.0 = Debug|Any CPU
		{E41D0185-4610-4BCE-8ACE-DE86FED13CDA}.Release|Any CPU.ActiveCfg = Release|Any CPU
		{E41D0185-4610-4BCE-8ACE-DE86FED13CDA}.Release|Any CPU.Build.0 = Release|Any CPU
		{5F9A6AB4-0E97-4975-977D-CB0C1F4474B9}.Debug|Any CPU.ActiveCfg = Debug|Any CPU
		{5F9A6AB4-0E97-4975-977D-CB0C1F4474B9}.Debug|Any CPU.Build.0 = Debug|Any CPU
		{5F9A6AB4-0E97-4975-977D-CB0C1F4474B9}.Release|Any CPU.ActiveCfg = Release|Any CPU
		{5F9A6AB4-0E97-4975-977D-CB0C1F4474B9}.Release|Any CPU.Build.0 = Release|Any CPU
	EndGlobalSection
	GlobalSection(SolutionProperties) = preSolution
		HideSolutionNode = FALSE
	EndGlobalSection
	GlobalSection(ExtensibilityGlobals) = postSolution
		SolutionGuid = {6AC0C8C6-51C1-4EB9-9085-6ECD87953702}
	EndGlobalSection
EndGlobal
